
Microsoft Visual Studio Solution File, Format Version 12.00
# Visual Studio Version 16
VisualStudioVersion = 16.0.31702.278
MinimumVisualStudioVersion = 10.0.40219.1
Project("{9A19103F-16F7-4668-BE54-9A1E7A4F7556}") = "Mastermind.Game", "Mastermind.Game\Mastermind.Game.csproj", "{958077EE-92DE-4791-B4BD-FD61657F0365}"
EndProject
Project("{9A19103F-16F7-4668-BE54-9A1E7A4F7556}") = "Mastermind.Game.Tests", "Mastermind.Game.Tests\Mastermind.Game.Tests.csproj", "{A6349A72-8DFC-42A1-8206-6E75048F0D0E}"
EndProject
Project("{FAE04EC0-301F-11D3-BF4B-00C04F79EFBC}") = "Mastermind.Game.Interfaces", "Mastermind.Game.Interfaces\Mastermind.Game.Interfaces.csproj", "{ED1C2627-AA75-47A0-BF63-069443111218}"
EndProject
Project("{FAE04EC0-301F-11D3-BF4B-00C04F79EFBC}") = "Mastermind.Game.Models", "Mastermind.Game.Models\Mastermind.Game.Models.csproj", "{0BF0BEFF-5D43-4A4B-A254-477C4B3636BC}"
EndProject
Project("{2150E333-8FDC-42A3-9474-1A3956D46DE8}") = "Mastermind", "Mastermind", "{365AFD1F-5144-4158-B280-21CEF49D80CF}"
EndProject
Project("{FAE04EC0-301F-11D3-BF4B-00C04F79EFBC}") = "Mastermind.Game.ConsoleApp", "Mastermind.Game.ConsoleApp\Mastermind.Game.ConsoleApp.csproj", "{4139EFB9-A545-4BEA-A5A1-AACA650B94B3}"
EndProject
Global
	GlobalSection(SolutionConfigurationPlatforms) = preSolution
		Debug|Any CPU = Debug|Any CPU
		Release|Any CPU = Release|Any CPU
	EndGlobalSection
	GlobalSection(ProjectConfigurationPlatforms) = postSolution
		{958077EE-92DE-4791-B4BD-FD61657F0365}.Debug|Any CPU.ActiveCfg = Debug|Any CPU
		{958077EE-92DE-4791-B4BD-FD61657F0365}.Debug|Any CPU.Build.0 = Debug|Any CPU
		{958077EE-92DE-4791-B4BD-FD61657F0365}.Release|Any CPU.ActiveCfg = Release|Any CPU
		{958077EE-92DE-4791-B4BD-FD61657F0365}.Release|Any CPU.Build.0 = Release|Any CPU
		{A6349A72-8DFC-42A1-8206-6E75048F0D0E}.Debug|Any CPU.ActiveCfg = Debug|Any CPU
		{A6349A72-8DFC-42A1-8206-6E75048F0D0E}.Debug|Any CPU.Build.0 = Debug|Any CPU
		{A6349A72-8DFC-42A1-8206-6E75048F0D0E}.Release|Any CPU.ActiveCfg = Release|Any CPU
		{A6349A72-8DFC-42A1-8206-6E75048F0D0E}.Release|Any CPU.Build.0 = Release|Any CPU
		{ED1C2627-AA75-47A0-BF63-069443111218}.Debug|Any CPU.ActiveCfg = Debug|Any CPU
		{ED1C2627-AA75-47A0-BF63-069443111218}.Debug|Any CPU.Build.0 = Debug|Any CPU
		{ED1C2627-AA75-47A0-BF63-069443111218}.Release|Any CPU.ActiveCfg = Release|Any CPU
		{ED1C2627-AA75-47A0-BF63-069443111218}.Release|Any CPU.Build.0 = Release|Any CPU
		{0BF0BEFF-5D43-4A4B-A254-477C4B3636BC}.Debug|Any CPU.ActiveCfg = Debug|Any CPU
		{0BF0BEFF-5D43-4A4B-A254-477C4B3636BC}.Debug|Any CPU.Build.0 = Debug|Any CPU
		{0BF0BEFF-5D43-4A4B-A254-477C4B3636BC}.Release|Any CPU.ActiveCfg = Release|Any CPU
		{0BF0BEFF-5D43-4A4B-A254-477C4B3636BC}.Release|Any CPU.Build.0 = Release|Any CPU
		{4139EFB9-A545-4BEA-A5A1-AACA650B94B3}.Debug|Any CPU.ActiveCfg = Debug|Any CPU
		{4139EFB9-A545-4BEA-A5A1-AACA650B94B3}.Debug|Any CPU.Build.0 = Debug|Any CPU
		{4139EFB9-A545-4BEA-A5A1-AACA650B94B3}.Release|Any CPU.ActiveCfg = Release|Any CPU
		{4139EFB9-A545-4BEA-A5A1-AACA650B94B3}.Release|Any CPU.Build.0 = Release|Any CPU
	EndGlobalSection
	GlobalSection(SolutionProperties) = preSolution
		HideSolutionNode = FALSE
	EndGlobalSection
	GlobalSection(NestedProjects) = preSolution
		{958077EE-92DE-4791-B4BD-FD61657F0365} = {365AFD1F-5144-4158-B280-21CEF49D80CF}
		{A6349A72-8DFC-42A1-8206-6E75048F0D0E} = {365AFD1F-5144-4158-B280-21CEF49D80CF}
		{ED1C2627-AA75-47A0-BF63-069443111218} = {365AFD1F-5144-4158-B280-21CEF49D80CF}
		{0BF0BEFF-5D43-4A4B-A254-477C4B3636BC} = {365AFD1F-5144-4158-B280-21CEF49D80CF}
		{4139EFB9-A545-4BEA-A5A1-AACA650B94B3} = {365AFD1F-5144-4158-B280-21CEF49D80CF}
	EndGlobalSection
	GlobalSection(ExtensibilityGlobals) = postSolution
		SolutionGuid = {BB94E388-F698-4317-BEC0-5361B9D85914}
	EndGlobalSection
EndGlobal
